
Microsoft Visual Studio Solution File, Format Version 12.00
# Visual Studio Version 16
VisualStudioVersion = 16.0.31702.278
MinimumVisualStudioVersion = 10.0.40219.1
Project("{9A19103F-16F7-4668-BE54-9A1E7A4F7556}") = "LogCorner.EduSync.Notification.Server", "LogCorner.EduSync.Notification.Server\LogCorner.EduSync.Notification.Server.csproj", "{81D28FBA-31B5-4A86-A3C5-5443BE86B7CD}"
EndProject
Project("{9A19103F-16F7-4668-BE54-9A1E7A4F7556}") = "LogCorner.EduSync.SignalR.Common", "LogCorner.EduSync.SignalR.Common\LogCorner.EduSync.SignalR.Common.csproj", "{602F38D1-7698-4D65-9BEE-7283CE4FACA0}"
EndProject
Project("{9A19103F-16F7-4668-BE54-9A1E7A4F7556}") = "LogCorner.EduSync.SignalR.Common.IntegrationTests", "LogCorner.EduSync.SignalR.Common.IntegrationTests\LogCorner.EduSync.SignalR.Common.IntegrationTests.csproj", "{9243B361-B811-4AA8-B4B9-5EF8AEFC5CF0}"
EndProject
Project("{9A19103F-16F7-4668-BE54-9A1E7A4F7556}") = "LogCorner.EduSync.SignalR.Common.UnitTests", "LogCorner.EduSync.SignalR.Common.UnitTests\LogCorner.EduSync.SignalR.Common.UnitTests.csproj", "{517DD3CB-55D5-4F63-A86E-9D61DE19F7A5}"
EndProject
Project("{E53339B2-1760-4266-BCC7-CA923CBCF16C}") = "docker-compose", "docker-compose.dcproj", "{DE423D00-BDA5-44C2-B9C8-B9643D50B993}"
EndProject
Global
	GlobalSection(SolutionConfigurationPlatforms) = preSolution
		Debug|Any CPU = Debug|Any CPU
		Release|Any CPU = Release|Any CPU
	EndGlobalSection
	GlobalSection(ProjectConfigurationPlatforms) = postSolution
		{81D28FBA-31B5-4A86-A3C5-5443BE86B7CD}.Debug|Any CPU.ActiveCfg = Debug|Any CPU
		{81D28FBA-31B5-4A86-A3C5-5443BE86B7CD}.Debug|Any CPU.Build.0 = Debug|Any CPU
		{81D28FBA-31B5-4A86-A3C5-5443BE86B7CD}.Release|Any CPU.ActiveCfg = Release|Any CPU
		{81D28FBA-31B5-4A86-A3C5-5443BE86B7CD}.Release|Any CPU.Build.0 = Release|Any CPU
		{602F38D1-7698-4D65-9BEE-7283CE4FACA0}.Debug|Any CPU.ActiveCfg = Debug|Any CPU
		{602F38D1-7698-4D65-9BEE-7283CE4FACA0}.Debug|Any CPU.Build.0 = Debug|Any CPU
		{602F38D1-7698-4D65-9BEE-7283CE4FACA0}.Release|Any CPU.ActiveCfg = Release|Any CPU
		{602F38D1-7698-4D65-9BEE-7283CE4FACA0}.Release|Any CPU.Build.0 = Release|Any CPU
		{9243B361-B811-4AA8-B4B9-5EF8AEFC5CF0}.Debug|Any CPU.ActiveCfg = Debug|Any CPU
		{9243B361-B811-4AA8-B4B9-5EF8AEFC5CF0}.Debug|Any CPU.Build.0 = Debug|Any CPU
		{9243B361-B811-4AA8-B4B9-5EF8AEFC5CF0}.Release|Any CPU.ActiveCfg = Release|Any CPU
		{9243B361-B811-4AA8-B4B9-5EF8AEFC5CF0}.Release|Any CPU.Build.0 = Release|Any CPU
		{517DD3CB-55D5-4F63-A86E-9D61DE19F7A5}.Debug|Any CPU.ActiveCfg = Debug|Any CPU
		{517DD3CB-55D5-4F63-A86E-9D61DE19F7A5}.Debug|Any CPU.Build.0 = Debug|Any CPU
		{517DD3CB-55D5-4F63-A86E-9D61DE19F7A5}.Release|Any CPU.ActiveCfg = Release|Any CPU
		{517DD3CB-55D5-4F63-A86E-9D61DE19F7A5}.Release|Any CPU.Build.0 = Release|Any CPU
		{DE423D00-BDA5-44C2-B9C8-B9643D50B993}.Debug|Any CPU.ActiveCfg = Debug|Any CPU
		{DE423D00-BDA5-44C2-B9C8-B9643D50B993}.Debug|Any CPU.Build.0 = Debug|Any CPU
		{DE423D00-BDA5-44C2-B9C8-B9643D50B993}.Release|Any CPU.ActiveCfg = Release|Any CPU
		{DE423D00-BDA5-44C2-B9C8-B9643D50B993}.Release|Any CPU.Build.0 = Release|Any CPU
	EndGlobalSection
	GlobalSection(SolutionProperties) = preSolution
		HideSolutionNode = FALSE
	EndGlobalSection
	GlobalSection(ExtensibilityGlobals) = postSolution
		SolutionGuid = {8003F957-D265-4FCA-AF9F-1E831E224103}
	EndGlobalSection
EndGlobal
